// !$*UTF8*$!
{
	archiveVersion = 1;
	classes = {
	};
	objectVersion = 46;
	objects = {

/* Begin PBXBuildFile section */
		B689C0881CCA372D0086AC61 /* AppDelegate.swift in Sources */ = {isa = PBXBuildFile; fileRef = B689C0871CCA372D0086AC61 /* AppDelegate.swift */; };
		B689C08A1CCA372D0086AC61 /* ViewController.swift in Sources */ = {isa = PBXBuildFile; fileRef = B689C0891CCA372D0086AC61 /* ViewController.swift */; };
		B689C08D1CCA372D0086AC61 /* Main.storyboard in Resources */ = {isa = PBXBuildFile; fileRef = B689C08B1CCA372D0086AC61 /* Main.storyboard */; };
		B689C08F1CCA372D0086AC61 /* Assets.xcassets in Resources */ = {isa = PBXBuildFile; fileRef = B689C08E1CCA372D0086AC61 /* Assets.xcassets */; };
		B689C0921CCA372D0086AC61 /* LaunchScreen.storyboard in Resources */ = {isa = PBXBuildFile; fileRef = B689C0901CCA372D0086AC61 /* LaunchScreen.storyboard */; };
		B689C09D1CCA372D0086AC61 /* MakeThisAppGreatTests.swift in Sources */ = {isa = PBXBuildFile; fileRef = B689C09C1CCA372D0086AC61 /* MakeThisAppGreatTests.swift */; };
		B689C0A81CCA372D0086AC61 /* MakeThisAppGreatUITests.swift in Sources */ = {isa = PBXBuildFile; fileRef = B689C0A71CCA372D0086AC61 /* MakeThisAppGreatUITests.swift */; };
/* End PBXBuildFile section */

/* Begin PBXContainerItemProxy section */
		B689C0991CCA372D0086AC61 /* PBXContainerItemProxy */ = {
			isa = PBXContainerItemProxy;
			containerPortal = B689C07C1CCA372D0086AC61 /* Project object */;
			proxyType = 1;
			remoteGlobalIDString = B689C0831CCA372D0086AC61;
			remoteInfo = MakeThisAppGreat;
		};
		B689C0A41CCA372D0086AC61 /* PBXContainerItemProxy */ = {
			isa = PBXContainerItemProxy;
			containerPortal = B689C07C1CCA372D0086AC61 /* Project object */;
			proxyType = 1;
			remoteGlobalIDString = B689C0831CCA372D0086AC61;
			remoteInfo = MakeThisAppGreat;
		};
/* End PBXContainerItemProxy section */

/* Begin PBXFileReference section */
		B689C0841CCA372D0086AC61 /* MakeThisAppGreat.app */ = {isa = PBXFileReference; explicitFileType = wrapper.application; includeInIndex = 0; path = MakeThisAppGreat.app; sourceTree = BUILT_PRODUCTS_DIR; };
		B689C0871CCA372D0086AC61 /* AppDelegate.swift */ = {isa = PBXFileReference; lastKnownFileType = sourcecode.swift; path = AppDelegate.swift; sourceTree = "<group>"; };
		B689C0891CCA372D0086AC61 /* ViewController.swift */ = {isa = PBXFileReference; lastKnownFileType = sourcecode.swift; path = ViewController.swift; sourceTree = "<group>"; };
		B689C08C1CCA372D0086AC61 /* Base */ = {isa = PBXFileReference; lastKnownFileType = file.storyboard; name = Base; path = Base.lproj/Main.storyboard; sourceTree = "<group>"; };
		B689C08E1CCA372D0086AC61 /* Assets.xcassets */ = {isa = PBXFileReference; lastKnownFileType = folder.assetcatalog; path = Assets.xcassets; sourceTree = "<group>"; };
		B689C0911CCA372D0086AC61 /* Base */ = {isa = PBXFileReference; lastKnownFileType = file.storyboard; name = Base; path = Base.lproj/LaunchScreen.storyboard; sourceTree = "<group>"; };
		B689C0931CCA372D0086AC61 /* Info.plist */ = {isa = PBXFileReference; lastKnownFileType = text.plist.xml; path = Info.plist; sourceTree = "<group>"; };
		B689C0981CCA372D0086AC61 /* MakeThisAppGreatTests.xctest */ = {isa = PBXFileReference; explicitFileType = wrapper.cfbundle; includeInIndex = 0; path = MakeThisAppGreatTests.xctest; sourceTree = BUILT_PRODUCTS_DIR; };
		B689C09C1CCA372D0086AC61 /* MakeThisAppGreatTests.swift */ = {isa = PBXFileReference; lastKnownFileType = sourcecode.swift; path = MakeThisAppGreatTests.swift; sourceTree = "<group>"; };
		B689C09E1CCA372D0086AC61 /* Info.plist */ = {isa = PBXFileReference; lastKnownFileType = text.plist.xml; path = Info.plist; sourceTree = "<group>"; };
		B689C0A31CCA372D0086AC61 /* MakeThisAppGreatUITests.xctest */ = {isa = PBXFileReference; explicitFileType = wrapper.cfbundle; includeInIndex = 0; path = MakeThisAppGreatUITests.xctest; sourceTree = BUILT_PRODUCTS_DIR; };
		B689C0A71CCA372D0086AC61 /* MakeThisAppGreatUITests.swift */ = {isa = PBXFileReference; lastKnownFileType = sourcecode.swift; path = MakeThisAppGreatUITests.swift; sourceTree = "<group>"; };
		B689C0A91CCA372D0086AC61 /* Info.plist */ = {isa = PBXFileReference; lastKnownFileType = text.plist.xml; path = Info.plist; sourceTree = "<group>"; };
/* End PBXFileReference section */

/* Begin PBXFrameworksBuildPhase section */
		B689C0811CCA372D0086AC61 /* Frameworks */ = {
			isa = PBXFrameworksBuildPhase;
			buildActionMask = 2147483647;
			files = (
			);
			runOnlyForDeploymentPostprocessing = 0;
		};
		B689C0951CCA372D0086AC61 /* Frameworks */ = {
			isa = PBXFrameworksBuildPhase;
			buildActionMask = 2147483647;
			files = (
			);
			runOnlyForDeploymentPostprocessing = 0;
		};
		B689C0A01CCA372D0086AC61 /* Frameworks */ = {
			isa = PBXFrameworksBuildPhase;
			buildActionMask = 2147483647;
			files = (
			);
			runOnlyForDeploymentPostprocessing = 0;
		};
/* End PBXFrameworksBuildPhase section */

/* Begin PBXGroup section */
		B689C07B1CCA372D0086AC61 = {
			isa = PBXGroup;
			children = (
				B689C0861CCA372D0086AC61 /* MakeThisAppGreat */,
				B689C09B1CCA372D0086AC61 /* MakeThisAppGreatTests */,
				B689C0A61CCA372D0086AC61 /* MakeThisAppGreatUITests */,
				B689C0851CCA372D0086AC61 /* Products */,
			);
			sourceTree = "<group>";
		};
		B689C0851CCA372D0086AC61 /* Products */ = {
			isa = PBXGroup;
			children = (
				B689C0841CCA372D0086AC61 /* MakeThisAppGreat.app */,
				B689C0981CCA372D0086AC61 /* MakeThisAppGreatTests.xctest */,
				B689C0A31CCA372D0086AC61 /* MakeThisAppGreatUITests.xctest */,
			);
			name = Products;
			sourceTree = "<group>";
		};
		B689C0861CCA372D0086AC61 /* MakeThisAppGreat */ = {
			isa = PBXGroup;
			children = (
				B689C0871CCA372D0086AC61 /* AppDelegate.swift */,
				B689C0891CCA372D0086AC61 /* ViewController.swift */,
				B689C08B1CCA372D0086AC61 /* Main.storyboard */,
				B689C08E1CCA372D0086AC61 /* Assets.xcassets */,
				B689C0901CCA372D0086AC61 /* LaunchScreen.storyboard */,
				B689C0931CCA372D0086AC61 /* Info.plist */,
			);
			path = MakeThisAppGreat;
			sourceTree = "<group>";
		};
		B689C09B1CCA372D0086AC61 /* MakeThisAppGreatTests */ = {
			isa = PBXGroup;
			children = (
				B689C09C1CCA372D0086AC61 /* MakeThisAppGreatTests.swift */,
				B689C09E1CCA372D0086AC61 /* Info.plist */,
			);
			path = MakeThisAppGreatTests;
			sourceTree = "<group>";
		};
		B689C0A61CCA372D0086AC61 /* MakeThisAppGreatUITests */ = {
			isa = PBXGroup;
			children = (
				B689C0A71CCA372D0086AC61 /* MakeThisAppGreatUITests.swift */,
				B689C0A91CCA372D0086AC61 /* Info.plist */,
			);
			path = MakeThisAppGreatUITests;
			sourceTree = "<group>";
		};
/* End PBXGroup section */

/* Begin PBXNativeTarget section */
		B689C0831CCA372D0086AC61 /* MakeThisAppGreat */ = {
			isa = PBXNativeTarget;
			buildConfigurationList = B689C0AC1CCA372D0086AC61 /* Build configuration list for PBXNativeTarget "MakeThisAppGreat" */;
			buildPhases = (
				B689C0801CCA372D0086AC61 /* Sources */,
				B689C0811CCA372D0086AC61 /* Frameworks */,
				B689C0821CCA372D0086AC61 /* Resources */,
			);
			buildRules = (
			);
			dependencies = (
			);
			name = MakeThisAppGreat;
			productName = MakeThisAppGreat;
			productReference = B689C0841CCA372D0086AC61 /* MakeThisAppGreat.app */;
			productType = "com.apple.product-type.application";
		};
		B689C0971CCA372D0086AC61 /* MakeThisAppGreatTests */ = {
			isa = PBXNativeTarget;
			buildConfigurationList = B689C0AF1CCA372D0086AC61 /* Build configuration list for PBXNativeTarget "MakeThisAppGreatTests" */;
			buildPhases = (
				B689C0941CCA372D0086AC61 /* Sources */,
				B689C0951CCA372D0086AC61 /* Frameworks */,
				B689C0961CCA372D0086AC61 /* Resources */,
			);
			buildRules = (
			);
			dependencies = (
				B689C09A1CCA372D0086AC61 /* PBXTargetDependency */,
			);
			name = MakeThisAppGreatTests;
			productName = MakeThisAppGreatTests;
			productReference = B689C0981CCA372D0086AC61 /* MakeThisAppGreatTests.xctest */;
			productType = "com.apple.product-type.bundle.unit-test";
		};
		B689C0A21CCA372D0086AC61 /* MakeThisAppGreatUITests */ = {
			isa = PBXNativeTarget;
			buildConfigurationList = B689C0B21CCA372D0086AC61 /* Build configuration list for PBXNativeTarget "MakeThisAppGreatUITests" */;
			buildPhases = (
				B689C09F1CCA372D0086AC61 /* Sources */,
				B689C0A01CCA372D0086AC61 /* Frameworks */,
				B689C0A11CCA372D0086AC61 /* Resources */,
			);
			buildRules = (
			);
			dependencies = (
				B689C0A51CCA372D0086AC61 /* PBXTargetDependency */,
			);
			name = MakeThisAppGreatUITests;
			productName = MakeThisAppGreatUITests;
			productReference = B689C0A31CCA372D0086AC61 /* MakeThisAppGreatUITests.xctest */;
			productType = "com.apple.product-type.bundle.ui-testing";
		};
/* End PBXNativeTarget section */

/* Begin PBXProject section */
		B689C07C1CCA372D0086AC61 /* Project object */ = {
			isa = PBXProject;
			attributes = {
				LastSwiftUpdateCheck = 0730;
				LastUpgradeCheck = 0730;
				ORGANIZATIONNAME = ExtreMedia;
				TargetAttributes = {
					B689C0831CCA372D0086AC61 = {
						CreatedOnToolsVersion = 7.3;
						DevelopmentTeam = 5TJAXE59HS;
					};
					B689C0971CCA372D0086AC61 = {
						CreatedOnToolsVersion = 7.3;
						DevelopmentTeam = 5TJAXE59HS;
						TestTargetID = B689C0831CCA372D0086AC61;
					};
					B689C0A21CCA372D0086AC61 = {
						CreatedOnToolsVersion = 7.3;
						DevelopmentTeam = 5TJAXE59HS;
						TestTargetID = B689C0831CCA372D0086AC61;
					};
				};
			};
			buildConfigurationList = B689C07F1CCA372D0086AC61 /* Build configuration list for PBXProject "MakeThisAppGreat" */;
			compatibilityVersion = "Xcode 3.2";
			developmentRegion = English;
			hasScannedForEncodings = 0;
			knownRegions = (
				en,
				Base,
			);
			mainGroup = B689C07B1CCA372D0086AC61;
			productRefGroup = B689C0851CCA372D0086AC61 /* Products */;
			projectDirPath = "";
			projectRoot = "";
			targets = (
				B689C0831CCA372D0086AC61 /* MakeThisAppGreat */,
				B689C0971CCA372D0086AC61 /* MakeThisAppGreatTests */,
				B689C0A21CCA372D0086AC61 /* MakeThisAppGreatUITests */,
			);
		};
/* End PBXProject section */

/* Begin PBXResourcesBuildPhase section */
		B689C0821CCA372D0086AC61 /* Resources */ = {
			isa = PBXResourcesBuildPhase;
			buildActionMask = 2147483647;
			files = (
				B689C0921CCA372D0086AC61 /* LaunchScreen.storyboard in Resources */,
				B689C08F1CCA372D0086AC61 /* Assets.xcassets in Resources */,
				B689C08D1CCA372D0086AC61 /* Main.storyboard in Resources */,
			);
			runOnlyForDeploymentPostprocessing = 0;
		};
		B689C0961CCA372D0086AC61 /* Resources */ = {
			isa = PBXResourcesBuildPhase;
			buildActionMask = 2147483647;
			files = (
			);
			runOnlyForDeploymentPostprocessing = 0;
		};
		B689C0A11CCA372D0086AC61 /* Resources */ = {
			isa = PBXResourcesBuildPhase;
			buildActionMask = 2147483647;
			files = (
			);
			runOnlyForDeploymentPostprocessing = 0;
		};
/* End PBXResourcesBuildPhase section */

/* Begin PBXSourcesBuildPhase section */
		B689C0801CCA372D0086AC61 /* Sources */ = {
			isa = PBXSourcesBuildPhase;
			buildActionMask = 2147483647;
			files = (
				B689C08A1CCA372D0086AC61 /* ViewController.swift in Sources */,
				B689C0881CCA372D0086AC61 /* AppDelegate.swift in Sources */,
			);
			runOnlyForDeploymentPostprocessing = 0;
		};
		B689C0941CCA372D0086AC61 /* Sources */ = {
			isa = PBXSourcesBuildPhase;
			buildActionMask = 2147483647;
			files = (
				B689C09D1CCA372D0086AC61 /* MakeThisAppGreatTests.swift in Sources */,
			);
			runOnlyForDeploymentPostprocessing = 0;
		};
		B689C09F1CCA372D0086AC61 /* Sources */ = {
			isa = PBXSourcesBuildPhase;
			buildActionMask = 2147483647;
			files = (
				B689C0A81CCA372D0086AC61 /* MakeThisAppGreatUITests.swift in Sources */,
			);
			runOnlyForDeploymentPostprocessing = 0;
		};
/* End PBXSourcesBuildPhase section */

/* Begin PBXTargetDependency section */
		B689C09A1CCA372D0086AC61 /* PBXTargetDependency */ = {
			isa = PBXTargetDependency;
			target = B689C0831CCA372D0086AC61 /* MakeThisAppGreat */;
			targetProxy = B689C0991CCA372D0086AC61 /* PBXContainerItemProxy */;
		};
		B689C0A51CCA372D0086AC61 /* PBXTargetDependency */ = {
			isa = PBXTargetDependency;
			target = B689C0831CCA372D0086AC61 /* MakeThisAppGreat */;
			targetProxy = B689C0A41CCA372D0086AC61 /* PBXContainerItemProxy */;
		};
/* End PBXTargetDependency section */

/* Begin PBXVariantGroup section */
		B689C08B1CCA372D0086AC61 /* Main.storyboard */ = {
			isa = PBXVariantGroup;
			children = (
				B689C08C1CCA372D0086AC61 /* Base */,
			);
			name = Main.storyboard;
			sourceTree = "<group>";
		};
		B689C0901CCA372D0086AC61 /* LaunchScreen.storyboard */ = {
			isa = PBXVariantGroup;
			children = (
				B689C0911CCA372D0086AC61 /* Base */,
			);
			name = LaunchScreen.storyboard;
			sourceTree = "<group>";
		};
/* End PBXVariantGroup section */

/* Begin XCBuildConfiguration section */
		B689C0AA1CCA372D0086AC61 /* Debug */ = {
			isa = XCBuildConfiguration;
			buildSettings = {
				ALWAYS_SEARCH_USER_PATHS = NO;
				CLANG_ANALYZER_NONNULL = YES;
				CLANG_CXX_LANGUAGE_STANDARD = "gnu++0x";
				CLANG_CXX_LIBRARY = "libc++";
				CLANG_ENABLE_MODULES = YES;
				CLANG_ENABLE_OBJC_ARC = YES;
				CLANG_WARN_BOOL_CONVERSION = YES;
				CLANG_WARN_CONSTANT_CONVERSION = YES;
				CLANG_WARN_DIRECT_OBJC_ISA_USAGE = YES_ERROR;
				CLANG_WARN_EMPTY_BODY = YES;
				CLANG_WARN_ENUM_CONVERSION = YES;
				CLANG_WARN_INT_CONVERSION = YES;
				CLANG_WARN_OBJC_ROOT_CLASS = YES_ERROR;
				CLANG_WARN_UNREACHABLE_CODE = YES;
				CLANG_WARN__DUPLICATE_METHOD_MATCH = YES;
				"CODE_SIGN_IDENTITY[sdk=iphoneos*]" = "iPhone Developer";
				COPY_PHASE_STRIP = NO;
				DEBUG_INFORMATION_FORMAT = dwarf;
				ENABLE_STRICT_OBJC_MSGSEND = YES;
				ENABLE_TESTABILITY = YES;
				GCC_C_LANGUAGE_STANDARD = gnu99;
				GCC_DYNAMIC_NO_PIC = NO;
				GCC_NO_COMMON_BLOCKS = YES;
				GCC_OPTIMIZATION_LEVEL = 0;
				GCC_PREPROCESSOR_DEFINITIONS = (
					"DEBUG=1",
					"$(inherited)",
				);
				GCC_WARN_64_TO_32_BIT_CONVERSION = YES;
				GCC_WARN_ABOUT_RETURN_TYPE = YES_ERROR;
				GCC_WARN_UNDECLARED_SELECTOR = YES;
				GCC_WARN_UNINITIALIZED_AUTOS = YES_AGGRESSIVE;
				GCC_WARN_UNUSED_FUNCTION = YES;
				GCC_WARN_UNUSED_VARIABLE = YES;
				IPHONEOS_DEPLOYMENT_TARGET = 9.3;
				MTL_ENABLE_DEBUG_INFO = YES;
				ONLY_ACTIVE_ARCH = YES;
				SDKROOT = iphoneos;
				SWIFT_OPTIMIZATION_LEVEL = "-Onone";
			};
			name = Debug;
		};
		B689C0AB1CCA372D0086AC61 /* Release */ = {
			isa = XCBuildConfiguration;
			buildSettings = {
				ALWAYS_SEARCH_USER_PATHS = NO;
				CLANG_ANALYZER_NONNULL = YES;
				CLANG_CXX_LANGUAGE_STANDARD = "gnu++0x";
				CLANG_CXX_LIBRARY = "libc++";
				CLANG_ENABLE_MODULES = YES;
				CLANG_ENABLE_OBJC_ARC = YES;
				CLANG_WARN_BOOL_CONVERSION = YES;
				CLANG_WARN_CONSTANT_CONVERSION = YES;
				CLANG_WARN_DIRECT_OBJC_ISA_USAGE = YES_ERROR;
				CLANG_WARN_EMPTY_BODY = YES;
				CLANG_WARN_ENUM_CONVERSION = YES;
				CLANG_WARN_INT_CONVERSION = YES;
				CLANG_WARN_OBJC_ROOT_CLASS = YES_ERROR;
				CLANG_WARN_UNREACHABLE_CODE = YES;
				CLANG_WARN__DUPLICATE_METHOD_MATCH = YES;
				"CODE_SIGN_IDENTITY[sdk=iphoneos*]" = "iPhone Developer";
				COPY_PHASE_STRIP = NO;
				DEBUG_INFORMATION_FORMAT = "dwarf-with-dsym";
				ENABLE_NS_ASSERTIONS = NO;
				ENABLE_STRICT_OBJC_MSGSEND = YES;
				GCC_C_LANGUAGE_STANDARD = gnu99;
				GCC_NO_COMMON_BLOCKS = YES;
				GCC_WARN_64_TO_32_BIT_CONVERSION = YES;
				GCC_WARN_ABOUT_RETURN_TYPE = YES_ERROR;
				GCC_WARN_UNDECLARED_SELECTOR = YES;
				GCC_WARN_UNINITIALIZED_AUTOS = YES_AGGRESSIVE;
				GCC_WARN_UNUSED_FUNCTION = YES;
				GCC_WARN_UNUSED_VARIABLE = YES;
				IPHONEOS_DEPLOYMENT_TARGET = 9.3;
				MTL_ENABLE_DEBUG_INFO = NO;
				SDKROOT = iphoneos;
				VALIDATE_PRODUCT = YES;
			};
			name = Release;
		};
		B689C0AD1CCA372D0086AC61 /* Debug */ = {
			isa = XCBuildConfiguration;
			buildSettings = {
				ASSETCATALOG_COMPILER_APPICON_NAME = AppIcon;
				INFOPLIST_FILE = MakeThisAppGreat/Info.plist;
				IPHONEOS_DEPLOYMENT_TARGET = 9.0;
				LD_RUNPATH_SEARCH_PATHS = "$(inherited) @executable_path/Frameworks";
				PRODUCT_BUNDLE_IDENTIFIER = com.extremedia.MakeThisAppGreat;
				PRODUCT_NAME = "$(TARGET_NAME)";
			};
			name = Debug;
		};
		B689C0AE1CCA372D0086AC61 /* Release */ = {
			isa = XCBuildConfiguration;
			buildSettings = {
				ASSETCATALOG_COMPILER_APPICON_NAME = AppIcon;
				INFOPLIST_FILE = MakeThisAppGreat/Info.plist;
				IPHONEOS_DEPLOYMENT_TARGET = 9.0;
				LD_RUNPATH_SEARCH_PATHS = "$(inherited) @executable_path/Frameworks";
				PRODUCT_BUNDLE_IDENTIFIER = com.extremedia.MakeThisAppGreat;
				PRODUCT_NAME = "$(TARGET_NAME)";
			};
			name = Release;
		};
		B689C0B01CCA372D0086AC61 /* Debug */ = {
			isa = XCBuildConfiguration;
			buildSettings = {
				BUNDLE_LOADER = "$(TEST_HOST)";
				INFOPLIST_FILE = MakeThisAppGreatTests/Info.plist;
				LD_RUNPATH_SEARCH_PATHS = "$(inherited) @executable_path/Frameworks @loader_path/Frameworks";
				PRODUCT_BUNDLE_IDENTIFIER = com.extremedia.MakeThisAppGreatTests;
				PRODUCT_NAME = "$(TARGET_NAME)";
				TEST_HOST = "$(BUILT_PRODUCTS_DIR)/MakeThisAppGreat.app/MakeThisAppGreat";
			};
			name = Debug;
		};
		B689C0B11CCA372D0086AC61 /* Release */ = {
			isa = XCBuildConfiguration;
			buildSettings = {
				BUNDLE_LOADER = "$(TEST_HOST)";
				INFOPLIST_FILE = MakeThisAppGreatTests/Info.plist;
				LD_RUNPATH_SEARCH_PATHS = "$(inherited) @executable_path/Frameworks @loader_path/Frameworks";
				PRODUCT_BUNDLE_IDENTIFIER = com.extremedia.MakeThisAppGreatTests;
				PRODUCT_NAME = "$(TARGET_NAME)";
				TEST_HOST = "$(BUILT_PRODUCTS_DIR)/MakeThisAppGreat.app/MakeThisAppGreat";
			};
			name = Release;
		};
		B689C0B31CCA372D0086AC61 /* Debug */ = {
			isa = XCBuildConfiguration;
			buildSettings = {
				INFOPLIST_FILE = MakeThisAppGreatUITests/Info.plist;
				LD_RUNPATH_SEARCH_PATHS = "$(inherited) @executable_path/Frameworks @loader_path/Frameworks";
				PRODUCT_BUNDLE_IDENTIFIER = com.extremedia.MakeThisAppGreatUITests;
				PRODUCT_NAME = "$(TARGET_NAME)";
				TEST_TARGET_NAME = MakeThisAppGreat;
			};
			name = Debug;
		};
		B689C0B41CCA372D0086AC61 /* Release */ = {
			isa = XCBuildConfiguration;
			buildSettings = {
				INFOPLIST_FILE = MakeThisAppGreatUITests/Info.plist;
				LD_RUNPATH_SEARCH_PATHS = "$(inherited) @executable_path/Frameworks @loader_path/Frameworks";
				PRODUCT_BUNDLE_IDENTIFIER = com.extremedia.MakeThisAppGreatUITests;
				PRODUCT_NAME = "$(TARGET_NAME)";
				TEST_TARGET_NAME = MakeThisAppGreat;
			};
			name = Release;
		};
/* End XCBuildConfiguration section */

/* Begin XCConfigurationList section */
		B689C07F1CCA372D0086AC61 /* Build configuration list for PBXProject "MakeThisAppGreat" */ = {
			isa = XCConfigurationList;
			buildConfigurations = (
				B689C0AA1CCA372D0086AC61 /* Debug */,
				B689C0AB1CCA372D0086AC61 /* Release */,
			);
			defaultConfigurationIsVisible = 0;
			defaultConfigurationName = Release;
		};
		B689C0AC1CCA372D0086AC61 /* Build configuration list for PBXNativeTarget "MakeThisAppGreat" */ = {
			isa = XCConfigurationList;
			buildConfigurations = (
				B689C0AD1CCA372D0086AC61 /* Debug */,
				B689C0AE1CCA372D0086AC61 /* Release */,
			);
			defaultConfigurationIsVisible = 0;
		};
		B689C0AF1CCA372D0086AC61 /* Build configuration list for PBXNativeTarget "MakeThisAppGreatTests" */ = {
			isa = XCConfigurationList;
			buildConfigurations = (
				B689C0B01CCA372D0086AC61 /* Debug */,
				B689C0B11CCA372D0086AC61 /* Release */,
			);
			defaultConfigurationIsVisible = 0;
		};
		B689C0B21CCA372D0086AC61 /* Build configuration list for PBXNativeTarget "MakeThisAppGreatUITests" */ = {
			isa = XCConfigurationList;
			buildConfigurations = (
				B689C0B31CCA372D0086AC61 /* Debug */,
				B689C0B41CCA372D0086AC61 /* Release */,
			);
			defaultConfigurationIsVisible = 0;
		};
/* End XCConfigurationList section */
	};
	rootObject = B689C07C1CCA372D0086AC61 /* Project object */;
}
